<?xml version="1.0" encoding="utf-8"?>
<Project ToolsVersion="4.0" xmlns="http://schemas.microsoft.com/developer/msbuild/2003">
  <ItemGroup>
    <Filter Include="Razor">
      <UniqueIdentifier>{F31F020E-5F34-2ABF-28B6-CD1E948926F0}</UniqueIdentifier>
    </Filter>
  </ItemGroup>
  <ItemGroup>
    <ClInclude Include="src\Razor.h" />
    <ClInclude Include="src\Razor\Application.h">
      <Filter>Razor</Filter>
    </ClInclude>
    <ClInclude Include="src\Razor\Core.h">
      <Filter>Razor</Filter>
    </ClInclude>
    <ClInclude Include="src\Razor\Entrypoint.h">
      <Filter>Razor</Filter>
    </ClInclude>
    <ClInclude Include="src\Razor\Log.h">
      <Filter>Razor</Filter>
    </ClInclude>
  </ItemGroup>
  <ItemGroup>
    <ClCompile Include="src\Razor\Application.cpp">
      <Filter>Razor</Filter>
    </ClCompile>
    <ClCompile Include="src\Razor\Log.cpp">
      <Filter>Razor</Filter>
    </ClCompile>
  </ItemGroup>
</Project>