<?xml version="1.0" encoding="utf-8"?>
<Project ToolsVersion="4.0" xmlns="http://schemas.microsoft.com/developer/msbuild/2003">
  <ItemGroup>
    <Filter Include="Platform">
      <UniqueIdentifier>{2AC788B4-1694-E3BF-3FAD-D1672BD9184E}</UniqueIdentifier>
    </Filter>
    <Filter Include="Platform\Windows">
      <UniqueIdentifier>{64FBD71A-50F4-F66C-7926-DCF1657ED678}</UniqueIdentifier>
    </Filter>
    <Filter Include="Razor">
      <UniqueIdentifier>{F31F020E-5F34-2ABF-28B6-CD1E948926F0}</UniqueIdentifier>
    </Filter>
    <Filter Include="Razor\Events">
      <UniqueIdentifier>{77FC7BFE-635F-0BA3-0CE5-4359F826D725}</UniqueIdentifier>
    </Filter>
  </ItemGroup>
  <ItemGroup>
    <ClInclude Include="src\Platform\Windows\WindowsWindow.h">
      <Filter>Platform\Windows</Filter>
    </ClInclude>
    <ClInclude Include="src\Razor.h" />
    <ClInclude Include="src\Razor\Application.h">
      <Filter>Razor</Filter>
    </ClInclude>
    <ClInclude Include="src\Razor\Core.h">
      <Filter>Razor</Filter>
    </ClInclude>
    <ClInclude Include="src\Razor\Entrypoint.h">
      <Filter>Razor</Filter>
    </ClInclude>
    <ClInclude Include="src\Razor\Events\ApplicationEvent.h">
      <Filter>Razor\Events</Filter>
    </ClInclude>
    <ClInclude Include="src\Razor\Events\Event.h">
      <Filter>Razor\Events</Filter>
    </ClInclude>
    <ClInclude Include="src\Razor\Events\KeyEvent.h">
      <Filter>Razor\Events</Filter>
    </ClInclude>
    <ClInclude Include="src\Razor\Events\MouseEvent.h">
      <Filter>Razor\Events</Filter>
    </ClInclude>
    <ClInclude Include="src\Razor\Layer.h">
      <Filter>Razor</Filter>
    </ClInclude>
    <ClInclude Include="src\Razor\LayerStack.h">
      <Filter>Razor</Filter>
    </ClInclude>
    <ClInclude Include="src\Razor\Log.h">
      <Filter>Razor</Filter>
    </ClInclude>
    <ClInclude Include="src\Razor\Window.h">
      <Filter>Razor</Filter>
    </ClInclude>
    <ClInclude Include="src\rzpch.h" />
  </ItemGroup>
  <ItemGroup>
    <ClCompile Include="src\Platform\Windows\WindowsWindow.cpp">
      <Filter>Platform\Windows</Filter>
    </ClCompile>
    <ClCompile Include="src\Razor\Application.cpp">
      <Filter>Razor</Filter>
    </ClCompile>
    <ClCompile Include="src\Razor\Layer.cpp">
      <Filter>Razor</Filter>
    </ClCompile>
    <ClCompile Include="src\Razor\LayerStack.cpp">
      <Filter>Razor</Filter>
    </ClCompile>
    <ClCompile Include="src\Razor\Log.cpp">
      <Filter>Razor</Filter>
    </ClCompile>
    <ClCompile Include="src\rzpch.cpp" />
  </ItemGroup>
</Project>